// !$*UTF8*$!
{
	archiveVersion = 1;
	classes = {
	};
	objectVersion = 55;
	objects = {

/* Begin PBXBuildFile section */
		673DCE1865C0C69E6AB20565 /* Pods_Dobby_DobbyUITests.framework in Frameworks */ = {isa = PBXBuildFile; fileRef = 2F6B63D74F7D466272A7C257 /* Pods_Dobby_DobbyUITests.framework */; };
		7D7F9A1E30FFA768D555A0C2 /* Pods_DobbyTests.framework in Frameworks */ = {isa = PBXBuildFile; fileRef = 23D3CB2517F333D289463533 /* Pods_DobbyTests.framework */; };
		A12095E928F2A198008CE410 /* NetworkError.swift in Sources */ = {isa = PBXBuildFile; fileRef = A12095E828F2A198008CE410 /* NetworkError.swift */; };
		A13C531128E7129D00C72215 /* AppDelegate.swift in Sources */ = {isa = PBXBuildFile; fileRef = A13C531028E7129D00C72215 /* AppDelegate.swift */; };
		A13C531328E7129D00C72215 /* SceneDelegate.swift in Sources */ = {isa = PBXBuildFile; fileRef = A13C531228E7129D00C72215 /* SceneDelegate.swift */; };
		A13C531828E7129D00C72215 /* Main.storyboard in Resources */ = {isa = PBXBuildFile; fileRef = A13C531628E7129D00C72215 /* Main.storyboard */; };
		A13C531A28E7129E00C72215 /* Assets.xcassets in Resources */ = {isa = PBXBuildFile; fileRef = A13C531928E7129E00C72215 /* Assets.xcassets */; };
		A13C531D28E7129E00C72215 /* LaunchScreen.storyboard in Resources */ = {isa = PBXBuildFile; fileRef = A13C531B28E7129E00C72215 /* LaunchScreen.storyboard */; };
		A13C532828E7129E00C72215 /* DobbyTests.swift in Sources */ = {isa = PBXBuildFile; fileRef = A13C532728E7129E00C72215 /* DobbyTests.swift */; };
		A13C533228E7129F00C72215 /* DobbyUITests.swift in Sources */ = {isa = PBXBuildFile; fileRef = A13C533128E7129F00C72215 /* DobbyUITests.swift */; };
		A13C533428E7129F00C72215 /* DobbyUITestsLaunchTests.swift in Sources */ = {isa = PBXBuildFile; fileRef = A13C533328E7129F00C72215 /* DobbyUITestsLaunchTests.swift */; };
		A13C534428E71C0800C72215 /* .swiftlint.yml in Resources */ = {isa = PBXBuildFile; fileRef = A13C534328E71C0800C72215 /* .swiftlint.yml */; };
		A13C534B28E816B800C72215 /* RootCoordinator.swift in Sources */ = {isa = PBXBuildFile; fileRef = A13C534A28E816B800C72215 /* RootCoordinator.swift */; };
		A13C535228E817F800C72215 /* Coordinator.swift in Sources */ = {isa = PBXBuildFile; fileRef = A13C535128E817F800C72215 /* Coordinator.swift */; };
		A13C535728E8231100C72215 /* BaseViewController.swift in Sources */ = {isa = PBXBuildFile; fileRef = A13C535628E8231100C72215 /* BaseViewController.swift */; };
		A13C535A28E8288300C72215 /* SplashCoordinator.swift in Sources */ = {isa = PBXBuildFile; fileRef = A13C535928E8288300C72215 /* SplashCoordinator.swift */; };
		A13C535C28E8288A00C72215 /* SplashViewController.swift in Sources */ = {isa = PBXBuildFile; fileRef = A13C535B28E8288A00C72215 /* SplashViewController.swift */; };
		A13C535E28E8289200C72215 /* SplashViewModel.swift in Sources */ = {isa = PBXBuildFile; fileRef = A13C535D28E8289200C72215 /* SplashViewModel.swift */; };
		A13C536028E8942900C72215 /* AuthenticationRepository.swift in Sources */ = {isa = PBXBuildFile; fileRef = A13C535F28E8942900C72215 /* AuthenticationRepository.swift */; };
		A13C536328E9173900C72215 /* AuthenticationRepositoryImpl.swift in Sources */ = {isa = PBXBuildFile; fileRef = A13C536228E9173900C72215 /* AuthenticationRepositoryImpl.swift */; };
		A13C536528E91BB800C72215 /* Authentication.swift in Sources */ = {isa = PBXBuildFile; fileRef = A13C536428E91BB700C72215 /* Authentication.swift */; };
		A13C536728E91D9C00C72215 /* AuthUseCase.swift in Sources */ = {isa = PBXBuildFile; fileRef = A13C536628E91D9C00C72215 /* AuthUseCase.swift */; };
		A13C536D28E94CA200C72215 /* NetworkService.swift in Sources */ = {isa = PBXBuildFile; fileRef = A13C536C28E94CA200C72215 /* NetworkService.swift */; };
		A13C536F28E94D0500C72215 /* LocalTokenStorageService.swift in Sources */ = {isa = PBXBuildFile; fileRef = A13C536E28E94D0500C72215 /* LocalTokenStorageService.swift */; };
		A13C537328E958DF00C72215 /* Array+.swift in Sources */ = {isa = PBXBuildFile; fileRef = A13C537228E958DF00C72215 /* Array+.swift */; };
		A13C537728E9786900C72215 /* WelcomeViewController.swift in Sources */ = {isa = PBXBuildFile; fileRef = A13C537628E9786900C72215 /* WelcomeViewController.swift */; };
		A13C537928E9789200C72215 /* MainTabBarController.swift in Sources */ = {isa = PBXBuildFile; fileRef = A13C537828E9789200C72215 /* MainTabBarController.swift */; };
		A13C537B28E97EF600C72215 /* WelcomeCoordinator.swift in Sources */ = {isa = PBXBuildFile; fileRef = A13C537A28E97EF600C72215 /* WelcomeCoordinator.swift */; };
		A13C537D28E98FD500C72215 /* WelcomeViewModel.swift in Sources */ = {isa = PBXBuildFile; fileRef = A13C537C28E98FD500C72215 /* WelcomeViewModel.swift */; };
		A13C537F28EA9C0000C72215 /* AppKey.swift in Sources */ = {isa = PBXBuildFile; fileRef = A13C537E28EA9C0000C72215 /* AppKey.swift */; };
		A174B16F28EC6F0300F80112 /* ASAuthorizationController+.swift in Sources */ = {isa = PBXBuildFile; fileRef = A174B16E28EC6F0300F80112 /* ASAuthorizationController+.swift */; };
		A174B17428EF002000F80112 /* BaseAPI.swift in Sources */ = {isa = PBXBuildFile; fileRef = A174B17328EF002000F80112 /* BaseAPI.swift */; };
		A174B17628EF007100F80112 /* LoginAPI.swift in Sources */ = {isa = PBXBuildFile; fileRef = A174B17528EF007100F80112 /* LoginAPI.swift */; };
		A174B17928EF010100F80112 /* AuthenticationDTO.swift in Sources */ = {isa = PBXBuildFile; fileRef = A174B17828EF010100F80112 /* AuthenticationDTO.swift */; };
		A174B17C28EF034100F80112 /* NetworkLoggerPlugin.swift in Sources */ = {isa = PBXBuildFile; fileRef = A174B17B28EF034100F80112 /* NetworkLoggerPlugin.swift */; };
		CF500B1222303C7291A42D9D /* Pods_Dobby.framework in Frameworks */ = {isa = PBXBuildFile; fileRef = 8B3D52E48C3A5CD46EE09F86 /* Pods_Dobby.framework */; };
/* End PBXBuildFile section */

/* Begin PBXContainerItemProxy section */
		A13C532428E7129E00C72215 /* PBXContainerItemProxy */ = {
			isa = PBXContainerItemProxy;
			containerPortal = A13C530528E7129D00C72215 /* Project object */;
			proxyType = 1;
			remoteGlobalIDString = A13C530C28E7129D00C72215;
			remoteInfo = Dobby;
		};
		A13C532E28E7129F00C72215 /* PBXContainerItemProxy */ = {
			isa = PBXContainerItemProxy;
			containerPortal = A13C530528E7129D00C72215 /* Project object */;
			proxyType = 1;
			remoteGlobalIDString = A13C530C28E7129D00C72215;
			remoteInfo = Dobby;
		};
/* End PBXContainerItemProxy section */

/* Begin PBXFileReference section */
		23D3CB2517F333D289463533 /* Pods_DobbyTests.framework */ = {isa = PBXFileReference; explicitFileType = wrapper.framework; includeInIndex = 0; path = Pods_DobbyTests.framework; sourceTree = BUILT_PRODUCTS_DIR; };
		2F6B63D74F7D466272A7C257 /* Pods_Dobby_DobbyUITests.framework */ = {isa = PBXFileReference; explicitFileType = wrapper.framework; includeInIndex = 0; path = Pods_Dobby_DobbyUITests.framework; sourceTree = BUILT_PRODUCTS_DIR; };
		66911DBB73814A1FFAEFD850 /* Pods-DobbyTests.release.xcconfig */ = {isa = PBXFileReference; includeInIndex = 1; lastKnownFileType = text.xcconfig; name = "Pods-DobbyTests.release.xcconfig"; path = "Target Support Files/Pods-DobbyTests/Pods-DobbyTests.release.xcconfig"; sourceTree = "<group>"; };
		8B3D52E48C3A5CD46EE09F86 /* Pods_Dobby.framework */ = {isa = PBXFileReference; explicitFileType = wrapper.framework; includeInIndex = 0; path = Pods_Dobby.framework; sourceTree = BUILT_PRODUCTS_DIR; };
		A12095E828F2A198008CE410 /* NetworkError.swift */ = {isa = PBXFileReference; lastKnownFileType = sourcecode.swift; path = NetworkError.swift; sourceTree = "<group>"; };
		A13C530D28E7129D00C72215 /* Dobby.app */ = {isa = PBXFileReference; explicitFileType = wrapper.application; includeInIndex = 0; path = Dobby.app; sourceTree = BUILT_PRODUCTS_DIR; };
		A13C531028E7129D00C72215 /* AppDelegate.swift */ = {isa = PBXFileReference; lastKnownFileType = sourcecode.swift; path = AppDelegate.swift; sourceTree = "<group>"; };
		A13C531228E7129D00C72215 /* SceneDelegate.swift */ = {isa = PBXFileReference; lastKnownFileType = sourcecode.swift; path = SceneDelegate.swift; sourceTree = "<group>"; };
		A13C531728E7129D00C72215 /* Base */ = {isa = PBXFileReference; lastKnownFileType = file.storyboard; name = Base; path = Base.lproj/Main.storyboard; sourceTree = "<group>"; };
		A13C531928E7129E00C72215 /* Assets.xcassets */ = {isa = PBXFileReference; lastKnownFileType = folder.assetcatalog; path = Assets.xcassets; sourceTree = "<group>"; };
		A13C531C28E7129E00C72215 /* Base */ = {isa = PBXFileReference; lastKnownFileType = file.storyboard; name = Base; path = Base.lproj/LaunchScreen.storyboard; sourceTree = "<group>"; };
		A13C531E28E7129E00C72215 /* Info.plist */ = {isa = PBXFileReference; lastKnownFileType = text.plist.xml; path = Info.plist; sourceTree = "<group>"; };
		A13C532328E7129E00C72215 /* DobbyTests.xctest */ = {isa = PBXFileReference; explicitFileType = wrapper.cfbundle; includeInIndex = 0; path = DobbyTests.xctest; sourceTree = BUILT_PRODUCTS_DIR; };
		A13C532728E7129E00C72215 /* DobbyTests.swift */ = {isa = PBXFileReference; lastKnownFileType = sourcecode.swift; path = DobbyTests.swift; sourceTree = "<group>"; };
		A13C532D28E7129F00C72215 /* DobbyUITests.xctest */ = {isa = PBXFileReference; explicitFileType = wrapper.cfbundle; includeInIndex = 0; path = DobbyUITests.xctest; sourceTree = BUILT_PRODUCTS_DIR; };
		A13C533128E7129F00C72215 /* DobbyUITests.swift */ = {isa = PBXFileReference; lastKnownFileType = sourcecode.swift; path = DobbyUITests.swift; sourceTree = "<group>"; };
		A13C533328E7129F00C72215 /* DobbyUITestsLaunchTests.swift */ = {isa = PBXFileReference; lastKnownFileType = sourcecode.swift; path = DobbyUITestsLaunchTests.swift; sourceTree = "<group>"; };
		A13C534328E71C0800C72215 /* .swiftlint.yml */ = {isa = PBXFileReference; lastKnownFileType = text.yaml; path = .swiftlint.yml; sourceTree = "<group>"; };
		A13C534A28E816B800C72215 /* RootCoordinator.swift */ = {isa = PBXFileReference; lastKnownFileType = sourcecode.swift; path = RootCoordinator.swift; sourceTree = "<group>"; };
		A13C535128E817F800C72215 /* Coordinator.swift */ = {isa = PBXFileReference; lastKnownFileType = sourcecode.swift; path = Coordinator.swift; sourceTree = "<group>"; };
		A13C535628E8231100C72215 /* BaseViewController.swift */ = {isa = PBXFileReference; lastKnownFileType = sourcecode.swift; path = BaseViewController.swift; sourceTree = "<group>"; };
		A13C535928E8288300C72215 /* SplashCoordinator.swift */ = {isa = PBXFileReference; lastKnownFileType = sourcecode.swift; path = SplashCoordinator.swift; sourceTree = "<group>"; };
		A13C535B28E8288A00C72215 /* SplashViewController.swift */ = {isa = PBXFileReference; lastKnownFileType = sourcecode.swift; path = SplashViewController.swift; sourceTree = "<group>"; };
		A13C535D28E8289200C72215 /* SplashViewModel.swift */ = {isa = PBXFileReference; lastKnownFileType = sourcecode.swift; path = SplashViewModel.swift; sourceTree = "<group>"; };
		A13C535F28E8942900C72215 /* AuthenticationRepository.swift */ = {isa = PBXFileReference; lastKnownFileType = sourcecode.swift; path = AuthenticationRepository.swift; sourceTree = "<group>"; };
		A13C536228E9173900C72215 /* AuthenticationRepositoryImpl.swift */ = {isa = PBXFileReference; lastKnownFileType = sourcecode.swift; path = AuthenticationRepositoryImpl.swift; sourceTree = "<group>"; };
		A13C536428E91BB700C72215 /* Authentication.swift */ = {isa = PBXFileReference; lastKnownFileType = sourcecode.swift; path = Authentication.swift; sourceTree = "<group>"; };
		A13C536628E91D9C00C72215 /* AuthUseCase.swift */ = {isa = PBXFileReference; lastKnownFileType = sourcecode.swift; path = AuthUseCase.swift; sourceTree = "<group>"; };
		A13C536C28E94CA200C72215 /* NetworkService.swift */ = {isa = PBXFileReference; lastKnownFileType = sourcecode.swift; path = NetworkService.swift; sourceTree = "<group>"; };
		A13C536E28E94D0500C72215 /* LocalTokenStorageService.swift */ = {isa = PBXFileReference; lastKnownFileType = sourcecode.swift; path = LocalTokenStorageService.swift; sourceTree = "<group>"; };
		A13C537228E958DF00C72215 /* Array+.swift */ = {isa = PBXFileReference; lastKnownFileType = sourcecode.swift; path = "Array+.swift"; sourceTree = "<group>"; };
		A13C537628E9786900C72215 /* WelcomeViewController.swift */ = {isa = PBXFileReference; lastKnownFileType = sourcecode.swift; path = WelcomeViewController.swift; sourceTree = "<group>"; };
		A13C537828E9789200C72215 /* MainTabBarController.swift */ = {isa = PBXFileReference; lastKnownFileType = sourcecode.swift; path = MainTabBarController.swift; sourceTree = "<group>"; };
		A13C537A28E97EF600C72215 /* WelcomeCoordinator.swift */ = {isa = PBXFileReference; lastKnownFileType = sourcecode.swift; path = WelcomeCoordinator.swift; sourceTree = "<group>"; };
		A13C537C28E98FD500C72215 /* WelcomeViewModel.swift */ = {isa = PBXFileReference; lastKnownFileType = sourcecode.swift; path = WelcomeViewModel.swift; sourceTree = "<group>"; };
		A13C537E28EA9C0000C72215 /* AppKey.swift */ = {isa = PBXFileReference; lastKnownFileType = sourcecode.swift; path = AppKey.swift; sourceTree = "<group>"; };
		A174B16E28EC6F0300F80112 /* ASAuthorizationController+.swift */ = {isa = PBXFileReference; lastKnownFileType = sourcecode.swift; path = "ASAuthorizationController+.swift"; sourceTree = "<group>"; };
		A174B17328EF002000F80112 /* BaseAPI.swift */ = {isa = PBXFileReference; lastKnownFileType = sourcecode.swift; path = BaseAPI.swift; sourceTree = "<group>"; };
		A174B17528EF007100F80112 /* LoginAPI.swift */ = {isa = PBXFileReference; lastKnownFileType = sourcecode.swift; path = LoginAPI.swift; sourceTree = "<group>"; };
		A174B17828EF010100F80112 /* AuthenticationDTO.swift */ = {isa = PBXFileReference; lastKnownFileType = sourcecode.swift; path = AuthenticationDTO.swift; sourceTree = "<group>"; };
		A174B17B28EF034100F80112 /* NetworkLoggerPlugin.swift */ = {isa = PBXFileReference; lastKnownFileType = sourcecode.swift; path = NetworkLoggerPlugin.swift; sourceTree = "<group>"; };
		A27AD429C92AD79AA1937D21 /* Pods-Dobby-DobbyUITests.debug.xcconfig */ = {isa = PBXFileReference; includeInIndex = 1; lastKnownFileType = text.xcconfig; name = "Pods-Dobby-DobbyUITests.debug.xcconfig"; path = "Target Support Files/Pods-Dobby-DobbyUITests/Pods-Dobby-DobbyUITests.debug.xcconfig"; sourceTree = "<group>"; };
		C982B09DA7374C7C9EBFB0F5 /* Pods-Dobby.debug.xcconfig */ = {isa = PBXFileReference; includeInIndex = 1; lastKnownFileType = text.xcconfig; name = "Pods-Dobby.debug.xcconfig"; path = "Target Support Files/Pods-Dobby/Pods-Dobby.debug.xcconfig"; sourceTree = "<group>"; };
		E2065A457FB7E9D5ABB5819A /* Pods-Dobby.release.xcconfig */ = {isa = PBXFileReference; includeInIndex = 1; lastKnownFileType = text.xcconfig; name = "Pods-Dobby.release.xcconfig"; path = "Target Support Files/Pods-Dobby/Pods-Dobby.release.xcconfig"; sourceTree = "<group>"; };
		F0A6DAFD15431D43DBCA10BF /* Pods-Dobby-DobbyUITests.release.xcconfig */ = {isa = PBXFileReference; includeInIndex = 1; lastKnownFileType = text.xcconfig; name = "Pods-Dobby-DobbyUITests.release.xcconfig"; path = "Target Support Files/Pods-Dobby-DobbyUITests/Pods-Dobby-DobbyUITests.release.xcconfig"; sourceTree = "<group>"; };
		F4EB371D70C9EEC2BB2E2103 /* Pods-DobbyTests.debug.xcconfig */ = {isa = PBXFileReference; includeInIndex = 1; lastKnownFileType = text.xcconfig; name = "Pods-DobbyTests.debug.xcconfig"; path = "Target Support Files/Pods-DobbyTests/Pods-DobbyTests.debug.xcconfig"; sourceTree = "<group>"; };
/* End PBXFileReference section */

/* Begin PBXFrameworksBuildPhase section */
		A13C530A28E7129D00C72215 /* Frameworks */ = {
			isa = PBXFrameworksBuildPhase;
			buildActionMask = 2147483647;
			files = (
				CF500B1222303C7291A42D9D /* Pods_Dobby.framework in Frameworks */,
			);
			runOnlyForDeploymentPostprocessing = 0;
		};
		A13C532028E7129E00C72215 /* Frameworks */ = {
			isa = PBXFrameworksBuildPhase;
			buildActionMask = 2147483647;
			files = (
				7D7F9A1E30FFA768D555A0C2 /* Pods_DobbyTests.framework in Frameworks */,
			);
			runOnlyForDeploymentPostprocessing = 0;
		};
		A13C532A28E7129F00C72215 /* Frameworks */ = {
			isa = PBXFrameworksBuildPhase;
			buildActionMask = 2147483647;
			files = (
				673DCE1865C0C69E6AB20565 /* Pods_Dobby_DobbyUITests.framework in Frameworks */,
			);
			runOnlyForDeploymentPostprocessing = 0;
		};
/* End PBXFrameworksBuildPhase section */

/* Begin PBXGroup section */
		59B4FB3B3674F69DBEF32677 /* Pods */ = {
			isa = PBXGroup;
			children = (
				C982B09DA7374C7C9EBFB0F5 /* Pods-Dobby.debug.xcconfig */,
				E2065A457FB7E9D5ABB5819A /* Pods-Dobby.release.xcconfig */,
				A27AD429C92AD79AA1937D21 /* Pods-Dobby-DobbyUITests.debug.xcconfig */,
				F0A6DAFD15431D43DBCA10BF /* Pods-Dobby-DobbyUITests.release.xcconfig */,
				F4EB371D70C9EEC2BB2E2103 /* Pods-DobbyTests.debug.xcconfig */,
				66911DBB73814A1FFAEFD850 /* Pods-DobbyTests.release.xcconfig */,
			);
			path = Pods;
			sourceTree = "<group>";
		};
		9E6B36AFE8FB545772D157A0 /* Frameworks */ = {
			isa = PBXGroup;
			children = (
				8B3D52E48C3A5CD46EE09F86 /* Pods_Dobby.framework */,
				2F6B63D74F7D466272A7C257 /* Pods_Dobby_DobbyUITests.framework */,
				23D3CB2517F333D289463533 /* Pods_DobbyTests.framework */,
			);
			name = Frameworks;
			sourceTree = "<group>";
		};
		A13C530428E7129D00C72215 = {
			isa = PBXGroup;
			children = (
				A13C534328E71C0800C72215 /* .swiftlint.yml */,
				A13C530F28E7129D00C72215 /* Dobby */,
				A13C532628E7129E00C72215 /* DobbyTests */,
				A13C533028E7129F00C72215 /* DobbyUITests */,
				A13C530E28E7129D00C72215 /* Products */,
				59B4FB3B3674F69DBEF32677 /* Pods */,
				9E6B36AFE8FB545772D157A0 /* Frameworks */,
			);
			sourceTree = "<group>";
		};
		A13C530E28E7129D00C72215 /* Products */ = {
			isa = PBXGroup;
			children = (
				A13C530D28E7129D00C72215 /* Dobby.app */,
				A13C532328E7129E00C72215 /* DobbyTests.xctest */,
				A13C532D28E7129F00C72215 /* DobbyUITests.xctest */,
			);
			name = Products;
			sourceTree = "<group>";
		};
		A13C530F28E7129D00C72215 /* Dobby */ = {
			isa = PBXGroup;
			children = (
				A13C534128E7175700C72215 /* Resources */,
				A13C534028E7175000C72215 /* Sources */,
				A13C531E28E7129E00C72215 /* Info.plist */,
			);
			path = Dobby;
			sourceTree = "<group>";
		};
		A13C532628E7129E00C72215 /* DobbyTests */ = {
			isa = PBXGroup;
			children = (
				A13C532728E7129E00C72215 /* DobbyTests.swift */,
			);
			path = DobbyTests;
			sourceTree = "<group>";
		};
		A13C533028E7129F00C72215 /* DobbyUITests */ = {
			isa = PBXGroup;
			children = (
				A13C533128E7129F00C72215 /* DobbyUITests.swift */,
				A13C533328E7129F00C72215 /* DobbyUITestsLaunchTests.swift */,
			);
			path = DobbyUITests;
			sourceTree = "<group>";
		};
		A13C534028E7175000C72215 /* Sources */ = {
			isa = PBXGroup;
			children = (
				A13C537028E958CD00C72215 /* Common */,
				A13C534528E720BA00C72215 /* App */,
				A13C534828E7213B00C72215 /* Data */,
				A13C534728E7213100C72215 /* Domain */,
				A13C534628E720E600C72215 /* Presentation */,
			);
			path = Sources;
			sourceTree = "<group>";
		};
		A13C534128E7175700C72215 /* Resources */ = {
			isa = PBXGroup;
			children = (
				A13C531628E7129D00C72215 /* Main.storyboard */,
				A13C531928E7129E00C72215 /* Assets.xcassets */,
				A13C531B28E7129E00C72215 /* LaunchScreen.storyboard */,
			);
			path = Resources;
			sourceTree = "<group>";
		};
		A13C534528E720BA00C72215 /* App */ = {
			isa = PBXGroup;
			children = (
				A13C531028E7129D00C72215 /* AppDelegate.swift */,
				A13C531228E7129D00C72215 /* SceneDelegate.swift */,
				A13C537E28EA9C0000C72215 /* AppKey.swift */,
			);
			path = App;
			sourceTree = "<group>";
		};
		A13C534628E720E600C72215 /* Presentation */ = {
			isa = PBXGroup;
			children = (
				A13C537428E9783500C72215 /* MainTab */,
				A13C537528E9784300C72215 /* Welcome */,
				A13C535828E8286600C72215 /* Splash */,
				A13C534928E815EE00C72215 /* Root */,
				A13C535028E817EE00C72215 /* Common */,
			);
			path = Presentation;
			sourceTree = "<group>";
		};
		A13C534728E7213100C72215 /* Domain */ = {
			isa = PBXGroup;
			children = (
				A13C535328E81D3F00C72215 /* Auth */,
			);
			path = Domain;
			sourceTree = "<group>";
		};
		A13C534828E7213B00C72215 /* Data */ = {
			isa = PBXGroup;
			children = (
				A13C536B28E94C7400C72215 /* LocalStorage */,
				A13C536A28E94C6C00C72215 /* Network */,
				A174B17728EF009600F80112 /* DTO */,
				A13C536128E9172000C72215 /* Repositories */,
			);
			path = Data;
			sourceTree = "<group>";
		};
		A13C534928E815EE00C72215 /* Root */ = {
			isa = PBXGroup;
			children = (
				A13C534A28E816B800C72215 /* RootCoordinator.swift */,
			);
			path = Root;
			sourceTree = "<group>";
		};
		A13C535028E817EE00C72215 /* Common */ = {
			isa = PBXGroup;
			children = (
				A13C535128E817F800C72215 /* Coordinator.swift */,
				A13C535628E8231100C72215 /* BaseViewController.swift */,
			);
			path = Common;
			sourceTree = "<group>";
		};
		A13C535328E81D3F00C72215 /* Auth */ = {
			isa = PBXGroup;
			children = (
				A13C536628E91D9C00C72215 /* AuthUseCase.swift */,
				A13C535F28E8942900C72215 /* AuthenticationRepository.swift */,
				A13C536428E91BB700C72215 /* Authentication.swift */,
			);
			path = Auth;
			sourceTree = "<group>";
		};
		A13C535828E8286600C72215 /* Splash */ = {
			isa = PBXGroup;
			children = (
				A13C535928E8288300C72215 /* SplashCoordinator.swift */,
				A13C535B28E8288A00C72215 /* SplashViewController.swift */,
				A13C535D28E8289200C72215 /* SplashViewModel.swift */,
			);
			path = Splash;
			sourceTree = "<group>";
		};
		A13C536128E9172000C72215 /* Repositories */ = {
			isa = PBXGroup;
			children = (
				A13C536228E9173900C72215 /* AuthenticationRepositoryImpl.swift */,
			);
			path = Repositories;
			sourceTree = "<group>";
		};
		A13C536A28E94C6C00C72215 /* Network */ = {
			isa = PBXGroup;
			children = (
				A13C536C28E94CA200C72215 /* NetworkService.swift */,
				A12095E828F2A198008CE410 /* NetworkError.swift */,
				A174B17228EF000B00F80112 /* APIs */,
				A174B17A28EF031700F80112 /* Plugins */,
			);
			path = Network;
			sourceTree = "<group>";
		};
		A13C536B28E94C7400C72215 /* LocalStorage */ = {
			isa = PBXGroup;
			children = (
				A13C536E28E94D0500C72215 /* LocalTokenStorageService.swift */,
			);
			path = LocalStorage;
			sourceTree = "<group>";
		};
		A13C537028E958CD00C72215 /* Common */ = {
			isa = PBXGroup;
			children = (
				A13C537128E958D200C72215 /* Extensions */,
			);
			path = Common;
			sourceTree = "<group>";
		};
		A13C537128E958D200C72215 /* Extensions */ = {
			isa = PBXGroup;
			children = (
				A13C537228E958DF00C72215 /* Array+.swift */,
				A174B16D28EC6ECE00F80112 /* Rx */,
			);
			path = Extensions;
			sourceTree = "<group>";
		};
		A13C537428E9783500C72215 /* MainTab */ = {
			isa = PBXGroup;
			children = (
				A13C537828E9789200C72215 /* MainTabBarController.swift */,
			);
			path = MainTab;
			sourceTree = "<group>";
		};
		A13C537528E9784300C72215 /* Welcome */ = {
			isa = PBXGroup;
			children = (
				A13C537A28E97EF600C72215 /* WelcomeCoordinator.swift */,
				A13C537628E9786900C72215 /* WelcomeViewController.swift */,
				A13C537C28E98FD500C72215 /* WelcomeViewModel.swift */,
			);
			path = Welcome;
			sourceTree = "<group>";
		};
		A174B16D28EC6ECE00F80112 /* Rx */ = {
			isa = PBXGroup;
			children = (
				A174B16E28EC6F0300F80112 /* ASAuthorizationController+.swift */,
			);
			path = Rx;
			sourceTree = "<group>";
		};
		A174B17228EF000B00F80112 /* APIs */ = {
			isa = PBXGroup;
			children = (
				A174B17328EF002000F80112 /* BaseAPI.swift */,
				A174B17528EF007100F80112 /* LoginAPI.swift */,
			);
			path = APIs;
			sourceTree = "<group>";
		};
		A174B17728EF009600F80112 /* DTO */ = {
			isa = PBXGroup;
			children = (
				A174B17828EF010100F80112 /* AuthenticationDTO.swift */,
			);
			path = DTO;
			sourceTree = "<group>";
		};
		A174B17A28EF031700F80112 /* Plugins */ = {
			isa = PBXGroup;
			children = (
				A174B17B28EF034100F80112 /* NetworkLoggerPlugin.swift */,
			);
			path = Plugins;
			sourceTree = "<group>";
		};
/* End PBXGroup section */

/* Begin PBXNativeTarget section */
		A13C530C28E7129D00C72215 /* Dobby */ = {
			isa = PBXNativeTarget;
			buildConfigurationList = A13C533728E7129F00C72215 /* Build configuration list for PBXNativeTarget "Dobby" */;
			buildPhases = (
				8403C90626CBA0E89F80B87E /* [CP] Check Pods Manifest.lock */,
				A13C530928E7129D00C72215 /* Sources */,
				A13C530A28E7129D00C72215 /* Frameworks */,
				A13C530B28E7129D00C72215 /* Resources */,
				A13C534228E71AED00C72215 /* ShellScript */,
				830676097FF3CFCE70E99C6A /* [CP] Embed Pods Frameworks */,
			);
			buildRules = (
			);
			dependencies = (
			);
			name = Dobby;
			productName = Dobby;
			productReference = A13C530D28E7129D00C72215 /* Dobby.app */;
			productType = "com.apple.product-type.application";
		};
		A13C532228E7129E00C72215 /* DobbyTests */ = {
			isa = PBXNativeTarget;
			buildConfigurationList = A13C533A28E7129F00C72215 /* Build configuration list for PBXNativeTarget "DobbyTests" */;
			buildPhases = (
				17D90D5F7DF1928BA88C59EA /* [CP] Check Pods Manifest.lock */,
				A13C531F28E7129E00C72215 /* Sources */,
				A13C532028E7129E00C72215 /* Frameworks */,
				A13C532128E7129E00C72215 /* Resources */,
			);
			buildRules = (
			);
			dependencies = (
				A13C532528E7129E00C72215 /* PBXTargetDependency */,
			);
			name = DobbyTests;
			productName = DobbyTests;
			productReference = A13C532328E7129E00C72215 /* DobbyTests.xctest */;
			productType = "com.apple.product-type.bundle.unit-test";
		};
		A13C532C28E7129F00C72215 /* DobbyUITests */ = {
			isa = PBXNativeTarget;
			buildConfigurationList = A13C533D28E7129F00C72215 /* Build configuration list for PBXNativeTarget "DobbyUITests" */;
			buildPhases = (
				978CA56226C7BFE82F3C7FEF /* [CP] Check Pods Manifest.lock */,
				A13C532928E7129F00C72215 /* Sources */,
				A13C532A28E7129F00C72215 /* Frameworks */,
				A13C532B28E7129F00C72215 /* Resources */,
				ADA66D0122534B46F8016E96 /* [CP] Embed Pods Frameworks */,
			);
			buildRules = (
			);
			dependencies = (
				A13C532F28E7129F00C72215 /* PBXTargetDependency */,
			);
			name = DobbyUITests;
			productName = DobbyUITests;
			productReference = A13C532D28E7129F00C72215 /* DobbyUITests.xctest */;
			productType = "com.apple.product-type.bundle.ui-testing";
		};
/* End PBXNativeTarget section */

/* Begin PBXProject section */
		A13C530528E7129D00C72215 /* Project object */ = {
			isa = PBXProject;
			attributes = {
				BuildIndependentTargetsInParallel = 1;
				LastSwiftUpdateCheck = 1400;
				LastUpgradeCheck = 1400;
				TargetAttributes = {
					A13C530C28E7129D00C72215 = {
						CreatedOnToolsVersion = 14.0;
					};
					A13C532228E7129E00C72215 = {
						CreatedOnToolsVersion = 14.0;
						TestTargetID = A13C530C28E7129D00C72215;
					};
					A13C532C28E7129F00C72215 = {
						CreatedOnToolsVersion = 14.0;
						TestTargetID = A13C530C28E7129D00C72215;
					};
				};
			};
			buildConfigurationList = A13C530828E7129D00C72215 /* Build configuration list for PBXProject "Dobby" */;
			compatibilityVersion = "Xcode 13.0";
			developmentRegion = en;
			hasScannedForEncodings = 0;
			knownRegions = (
				en,
				Base,
			);
			mainGroup = A13C530428E7129D00C72215;
			productRefGroup = A13C530E28E7129D00C72215 /* Products */;
			projectDirPath = "";
			projectRoot = "";
			targets = (
				A13C530C28E7129D00C72215 /* Dobby */,
				A13C532228E7129E00C72215 /* DobbyTests */,
				A13C532C28E7129F00C72215 /* DobbyUITests */,
			);
		};
/* End PBXProject section */

/* Begin PBXResourcesBuildPhase section */
		A13C530B28E7129D00C72215 /* Resources */ = {
			isa = PBXResourcesBuildPhase;
			buildActionMask = 2147483647;
			files = (
				A13C534428E71C0800C72215 /* .swiftlint.yml in Resources */,
				A13C531D28E7129E00C72215 /* LaunchScreen.storyboard in Resources */,
				A13C531A28E7129E00C72215 /* Assets.xcassets in Resources */,
				A13C531828E7129D00C72215 /* Main.storyboard in Resources */,
			);
			runOnlyForDeploymentPostprocessing = 0;
		};
		A13C532128E7129E00C72215 /* Resources */ = {
			isa = PBXResourcesBuildPhase;
			buildActionMask = 2147483647;
			files = (
			);
			runOnlyForDeploymentPostprocessing = 0;
		};
		A13C532B28E7129F00C72215 /* Resources */ = {
			isa = PBXResourcesBuildPhase;
			buildActionMask = 2147483647;
			files = (
			);
			runOnlyForDeploymentPostprocessing = 0;
		};
/* End PBXResourcesBuildPhase section */

/* Begin PBXShellScriptBuildPhase section */
		17D90D5F7DF1928BA88C59EA /* [CP] Check Pods Manifest.lock */ = {
			isa = PBXShellScriptBuildPhase;
			buildActionMask = 2147483647;
			files = (
			);
			inputFileListPaths = (
			);
			inputPaths = (
				"${PODS_PODFILE_DIR_PATH}/Podfile.lock",
				"${PODS_ROOT}/Manifest.lock",
			);
			name = "[CP] Check Pods Manifest.lock";
			outputFileListPaths = (
			);
			outputPaths = (
				"$(DERIVED_FILE_DIR)/Pods-DobbyTests-checkManifestLockResult.txt",
			);
			runOnlyForDeploymentPostprocessing = 0;
			shellPath = /bin/sh;
			shellScript = "diff \"${PODS_PODFILE_DIR_PATH}/Podfile.lock\" \"${PODS_ROOT}/Manifest.lock\" > /dev/null\nif [ $? != 0 ] ; then\n    # print error to STDERR\n    echo \"error: The sandbox is not in sync with the Podfile.lock. Run 'pod install' or update your CocoaPods installation.\" >&2\n    exit 1\nfi\n# This output is used by Xcode 'outputs' to avoid re-running this script phase.\necho \"SUCCESS\" > \"${SCRIPT_OUTPUT_FILE_0}\"\n";
			showEnvVarsInLog = 0;
		};
		830676097FF3CFCE70E99C6A /* [CP] Embed Pods Frameworks */ = {
			isa = PBXShellScriptBuildPhase;
			buildActionMask = 2147483647;
			files = (
			);
			inputFileListPaths = (
				"${PODS_ROOT}/Target Support Files/Pods-Dobby/Pods-Dobby-frameworks-${CONFIGURATION}-input-files.xcfilelist",
			);
			name = "[CP] Embed Pods Frameworks";
			outputFileListPaths = (
				"${PODS_ROOT}/Target Support Files/Pods-Dobby/Pods-Dobby-frameworks-${CONFIGURATION}-output-files.xcfilelist",
			);
			runOnlyForDeploymentPostprocessing = 0;
			shellPath = /bin/sh;
			shellScript = "\"${PODS_ROOT}/Target Support Files/Pods-Dobby/Pods-Dobby-frameworks.sh\"\n";
			showEnvVarsInLog = 0;
		};
		8403C90626CBA0E89F80B87E /* [CP] Check Pods Manifest.lock */ = {
			isa = PBXShellScriptBuildPhase;
			buildActionMask = 2147483647;
			files = (
			);
			inputFileListPaths = (
			);
			inputPaths = (
				"${PODS_PODFILE_DIR_PATH}/Podfile.lock",
				"${PODS_ROOT}/Manifest.lock",
			);
			name = "[CP] Check Pods Manifest.lock";
			outputFileListPaths = (
			);
			outputPaths = (
				"$(DERIVED_FILE_DIR)/Pods-Dobby-checkManifestLockResult.txt",
			);
			runOnlyForDeploymentPostprocessing = 0;
			shellPath = /bin/sh;
			shellScript = "diff \"${PODS_PODFILE_DIR_PATH}/Podfile.lock\" \"${PODS_ROOT}/Manifest.lock\" > /dev/null\nif [ $? != 0 ] ; then\n    # print error to STDERR\n    echo \"error: The sandbox is not in sync with the Podfile.lock. Run 'pod install' or update your CocoaPods installation.\" >&2\n    exit 1\nfi\n# This output is used by Xcode 'outputs' to avoid re-running this script phase.\necho \"SUCCESS\" > \"${SCRIPT_OUTPUT_FILE_0}\"\n";
			showEnvVarsInLog = 0;
		};
		978CA56226C7BFE82F3C7FEF /* [CP] Check Pods Manifest.lock */ = {
			isa = PBXShellScriptBuildPhase;
			buildActionMask = 2147483647;
			files = (
			);
			inputFileListPaths = (
			);
			inputPaths = (
				"${PODS_PODFILE_DIR_PATH}/Podfile.lock",
				"${PODS_ROOT}/Manifest.lock",
			);
			name = "[CP] Check Pods Manifest.lock";
			outputFileListPaths = (
			);
			outputPaths = (
				"$(DERIVED_FILE_DIR)/Pods-Dobby-DobbyUITests-checkManifestLockResult.txt",
			);
			runOnlyForDeploymentPostprocessing = 0;
			shellPath = /bin/sh;
			shellScript = "diff \"${PODS_PODFILE_DIR_PATH}/Podfile.lock\" \"${PODS_ROOT}/Manifest.lock\" > /dev/null\nif [ $? != 0 ] ; then\n    # print error to STDERR\n    echo \"error: The sandbox is not in sync with the Podfile.lock. Run 'pod install' or update your CocoaPods installation.\" >&2\n    exit 1\nfi\n# This output is used by Xcode 'outputs' to avoid re-running this script phase.\necho \"SUCCESS\" > \"${SCRIPT_OUTPUT_FILE_0}\"\n";
			showEnvVarsInLog = 0;
		};
		A13C534228E71AED00C72215 /* ShellScript */ = {
			isa = PBXShellScriptBuildPhase;
			buildActionMask = 2147483647;
			files = (
			);
			inputFileListPaths = (
			);
			inputPaths = (
			);
			outputFileListPaths = (
			);
			outputPaths = (
			);
			runOnlyForDeploymentPostprocessing = 0;
			shellPath = /bin/sh;
			shellScript = "${PODS_ROOT}/SwiftLint/swiftlint\n\n";
		};
		ADA66D0122534B46F8016E96 /* [CP] Embed Pods Frameworks */ = {
			isa = PBXShellScriptBuildPhase;
			buildActionMask = 2147483647;
			files = (
			);
			inputFileListPaths = (
				"${PODS_ROOT}/Target Support Files/Pods-Dobby-DobbyUITests/Pods-Dobby-DobbyUITests-frameworks-${CONFIGURATION}-input-files.xcfilelist",
			);
			name = "[CP] Embed Pods Frameworks";
			outputFileListPaths = (
				"${PODS_ROOT}/Target Support Files/Pods-Dobby-DobbyUITests/Pods-Dobby-DobbyUITests-frameworks-${CONFIGURATION}-output-files.xcfilelist",
			);
			runOnlyForDeploymentPostprocessing = 0;
			shellPath = /bin/sh;
			shellScript = "\"${PODS_ROOT}/Target Support Files/Pods-Dobby-DobbyUITests/Pods-Dobby-DobbyUITests-frameworks.sh\"\n";
			showEnvVarsInLog = 0;
		};
/* End PBXShellScriptBuildPhase section */

/* Begin PBXSourcesBuildPhase section */
		A13C530928E7129D00C72215 /* Sources */ = {
			isa = PBXSourcesBuildPhase;
			buildActionMask = 2147483647;
			files = (
				A13C535E28E8289200C72215 /* SplashViewModel.swift in Sources */,
				A174B17C28EF034100F80112 /* NetworkLoggerPlugin.swift in Sources */,
				A13C537728E9786900C72215 /* WelcomeViewController.swift in Sources */,
				A13C534B28E816B800C72215 /* RootCoordinator.swift in Sources */,
				A13C535728E8231100C72215 /* BaseViewController.swift in Sources */,
				A174B17628EF007100F80112 /* LoginAPI.swift in Sources */,
				A12095E928F2A198008CE410 /* NetworkError.swift in Sources */,
				A13C536028E8942900C72215 /* AuthenticationRepository.swift in Sources */,
				A174B17928EF010100F80112 /* AuthenticationDTO.swift in Sources */,
				A13C537B28E97EF600C72215 /* WelcomeCoordinator.swift in Sources */,
				A13C537328E958DF00C72215 /* Array+.swift in Sources */,
				A13C531128E7129D00C72215 /* AppDelegate.swift in Sources */,
				A174B17428EF002000F80112 /* BaseAPI.swift in Sources */,
				A13C536328E9173900C72215 /* AuthenticationRepositoryImpl.swift in Sources */,
				A13C537F28EA9C0000C72215 /* AppKey.swift in Sources */,
				A174B16F28EC6F0300F80112 /* ASAuthorizationController+.swift in Sources */,
				A13C531328E7129D00C72215 /* SceneDelegate.swift in Sources */,
				A13C536728E91D9C00C72215 /* AuthUseCase.swift in Sources */,
				A13C535228E817F800C72215 /* Coordinator.swift in Sources */,
				A13C535A28E8288300C72215 /* SplashCoordinator.swift in Sources */,
				A13C535C28E8288A00C72215 /* SplashViewController.swift in Sources */,
				A13C536F28E94D0500C72215 /* LocalTokenStorageService.swift in Sources */,
				A13C536D28E94CA200C72215 /* NetworkService.swift in Sources */,
				A13C536528E91BB800C72215 /* Authentication.swift in Sources */,
				A13C537D28E98FD500C72215 /* WelcomeViewModel.swift in Sources */,
				A13C537928E9789200C72215 /* MainTabBarController.swift in Sources */,
			);
			runOnlyForDeploymentPostprocessing = 0;
		};
		A13C531F28E7129E00C72215 /* Sources */ = {
			isa = PBXSourcesBuildPhase;
			buildActionMask = 2147483647;
			files = (
				A13C532828E7129E00C72215 /* DobbyTests.swift in Sources */,
			);
			runOnlyForDeploymentPostprocessing = 0;
		};
		A13C532928E7129F00C72215 /* Sources */ = {
			isa = PBXSourcesBuildPhase;
			buildActionMask = 2147483647;
			files = (
				A13C533228E7129F00C72215 /* DobbyUITests.swift in Sources */,
				A13C533428E7129F00C72215 /* DobbyUITestsLaunchTests.swift in Sources */,
			);
			runOnlyForDeploymentPostprocessing = 0;
		};
/* End PBXSourcesBuildPhase section */

/* Begin PBXTargetDependency section */
		A13C532528E7129E00C72215 /* PBXTargetDependency */ = {
			isa = PBXTargetDependency;
			target = A13C530C28E7129D00C72215 /* Dobby */;
			targetProxy = A13C532428E7129E00C72215 /* PBXContainerItemProxy */;
		};
		A13C532F28E7129F00C72215 /* PBXTargetDependency */ = {
			isa = PBXTargetDependency;
			target = A13C530C28E7129D00C72215 /* Dobby */;
			targetProxy = A13C532E28E7129F00C72215 /* PBXContainerItemProxy */;
		};
/* End PBXTargetDependency section */

/* Begin PBXVariantGroup section */
		A13C531628E7129D00C72215 /* Main.storyboard */ = {
			isa = PBXVariantGroup;
			children = (
				A13C531728E7129D00C72215 /* Base */,
			);
			name = Main.storyboard;
			sourceTree = "<group>";
		};
		A13C531B28E7129E00C72215 /* LaunchScreen.storyboard */ = {
			isa = PBXVariantGroup;
			children = (
				A13C531C28E7129E00C72215 /* Base */,
			);
			name = LaunchScreen.storyboard;
			sourceTree = "<group>";
		};
/* End PBXVariantGroup section */

/* Begin XCBuildConfiguration section */
		A13C533528E7129F00C72215 /* Debug */ = {
			isa = XCBuildConfiguration;
			buildSettings = {
				ALWAYS_SEARCH_USER_PATHS = NO;
				CLANG_ANALYZER_NONNULL = YES;
				CLANG_ANALYZER_NUMBER_OBJECT_CONVERSION = YES_AGGRESSIVE;
				CLANG_CXX_LANGUAGE_STANDARD = "gnu++20";
				CLANG_ENABLE_MODULES = YES;
				CLANG_ENABLE_OBJC_ARC = YES;
				CLANG_ENABLE_OBJC_WEAK = YES;
				CLANG_WARN_BLOCK_CAPTURE_AUTORELEASING = YES;
				CLANG_WARN_BOOL_CONVERSION = YES;
				CLANG_WARN_COMMA = YES;
				CLANG_WARN_CONSTANT_CONVERSION = YES;
				CLANG_WARN_DEPRECATED_OBJC_IMPLEMENTATIONS = YES;
				CLANG_WARN_DIRECT_OBJC_ISA_USAGE = YES_ERROR;
				CLANG_WARN_DOCUMENTATION_COMMENTS = YES;
				CLANG_WARN_EMPTY_BODY = YES;
				CLANG_WARN_ENUM_CONVERSION = YES;
				CLANG_WARN_INFINITE_RECURSION = YES;
				CLANG_WARN_INT_CONVERSION = YES;
				CLANG_WARN_NON_LITERAL_NULL_CONVERSION = YES;
				CLANG_WARN_OBJC_IMPLICIT_RETAIN_SELF = YES;
				CLANG_WARN_OBJC_LITERAL_CONVERSION = YES;
				CLANG_WARN_OBJC_ROOT_CLASS = YES_ERROR;
				CLANG_WARN_QUOTED_INCLUDE_IN_FRAMEWORK_HEADER = YES;
				CLANG_WARN_RANGE_LOOP_ANALYSIS = YES;
				CLANG_WARN_STRICT_PROTOTYPES = YES;
				CLANG_WARN_SUSPICIOUS_MOVE = YES;
				CLANG_WARN_UNGUARDED_AVAILABILITY = YES_AGGRESSIVE;
				CLANG_WARN_UNREACHABLE_CODE = YES;
				CLANG_WARN__DUPLICATE_METHOD_MATCH = YES;
				COPY_PHASE_STRIP = NO;
				DEBUG_INFORMATION_FORMAT = dwarf;
				ENABLE_STRICT_OBJC_MSGSEND = YES;
				ENABLE_TESTABILITY = YES;
				GCC_C_LANGUAGE_STANDARD = gnu11;
				GCC_DYNAMIC_NO_PIC = NO;
				GCC_NO_COMMON_BLOCKS = YES;
				GCC_OPTIMIZATION_LEVEL = 0;
				GCC_PREPROCESSOR_DEFINITIONS = (
					"DEBUG=1",
					"$(inherited)",
				);
				GCC_WARN_64_TO_32_BIT_CONVERSION = YES;
				GCC_WARN_ABOUT_RETURN_TYPE = YES_ERROR;
				GCC_WARN_UNDECLARED_SELECTOR = YES;
				GCC_WARN_UNINITIALIZED_AUTOS = YES_AGGRESSIVE;
				GCC_WARN_UNUSED_FUNCTION = YES;
				GCC_WARN_UNUSED_VARIABLE = YES;
				IPHONEOS_DEPLOYMENT_TARGET = 14.1;
				MTL_ENABLE_DEBUG_INFO = INCLUDE_SOURCE;
				MTL_FAST_MATH = YES;
				ONLY_ACTIVE_ARCH = YES;
				SDKROOT = iphoneos;
				SWIFT_ACTIVE_COMPILATION_CONDITIONS = DEBUG;
				SWIFT_OPTIMIZATION_LEVEL = "-Onone";
			};
			name = Debug;
		};
		A13C533628E7129F00C72215 /* Release */ = {
			isa = XCBuildConfiguration;
			buildSettings = {
				ALWAYS_SEARCH_USER_PATHS = NO;
				CLANG_ANALYZER_NONNULL = YES;
				CLANG_ANALYZER_NUMBER_OBJECT_CONVERSION = YES_AGGRESSIVE;
				CLANG_CXX_LANGUAGE_STANDARD = "gnu++20";
				CLANG_ENABLE_MODULES = YES;
				CLANG_ENABLE_OBJC_ARC = YES;
				CLANG_ENABLE_OBJC_WEAK = YES;
				CLANG_WARN_BLOCK_CAPTURE_AUTORELEASING = YES;
				CLANG_WARN_BOOL_CONVERSION = YES;
				CLANG_WARN_COMMA = YES;
				CLANG_WARN_CONSTANT_CONVERSION = YES;
				CLANG_WARN_DEPRECATED_OBJC_IMPLEMENTATIONS = YES;
				CLANG_WARN_DIRECT_OBJC_ISA_USAGE = YES_ERROR;
				CLANG_WARN_DOCUMENTATION_COMMENTS = YES;
				CLANG_WARN_EMPTY_BODY = YES;
				CLANG_WARN_ENUM_CONVERSION = YES;
				CLANG_WARN_INFINITE_RECURSION = YES;
				CLANG_WARN_INT_CONVERSION = YES;
				CLANG_WARN_NON_LITERAL_NULL_CONVERSION = YES;
				CLANG_WARN_OBJC_IMPLICIT_RETAIN_SELF = YES;
				CLANG_WARN_OBJC_LITERAL_CONVERSION = YES;
				CLANG_WARN_OBJC_ROOT_CLASS = YES_ERROR;
				CLANG_WARN_QUOTED_INCLUDE_IN_FRAMEWORK_HEADER = YES;
				CLANG_WARN_RANGE_LOOP_ANALYSIS = YES;
				CLANG_WARN_STRICT_PROTOTYPES = YES;
				CLANG_WARN_SUSPICIOUS_MOVE = YES;
				CLANG_WARN_UNGUARDED_AVAILABILITY = YES_AGGRESSIVE;
				CLANG_WARN_UNREACHABLE_CODE = YES;
				CLANG_WARN__DUPLICATE_METHOD_MATCH = YES;
				COPY_PHASE_STRIP = NO;
				DEBUG_INFORMATION_FORMAT = "dwarf-with-dsym";
				ENABLE_NS_ASSERTIONS = NO;
				ENABLE_STRICT_OBJC_MSGSEND = YES;
				GCC_C_LANGUAGE_STANDARD = gnu11;
				GCC_NO_COMMON_BLOCKS = YES;
				GCC_WARN_64_TO_32_BIT_CONVERSION = YES;
				GCC_WARN_ABOUT_RETURN_TYPE = YES_ERROR;
				GCC_WARN_UNDECLARED_SELECTOR = YES;
				GCC_WARN_UNINITIALIZED_AUTOS = YES_AGGRESSIVE;
				GCC_WARN_UNUSED_FUNCTION = YES;
				GCC_WARN_UNUSED_VARIABLE = YES;
				IPHONEOS_DEPLOYMENT_TARGET = 14.1;
				MTL_ENABLE_DEBUG_INFO = NO;
				MTL_FAST_MATH = YES;
				SDKROOT = iphoneos;
				SWIFT_COMPILATION_MODE = wholemodule;
				SWIFT_OPTIMIZATION_LEVEL = "-O";
				VALIDATE_PRODUCT = YES;
			};
			name = Release;
		};
		A13C533828E7129F00C72215 /* Debug */ = {
			isa = XCBuildConfiguration;
			baseConfigurationReference = C982B09DA7374C7C9EBFB0F5 /* Pods-Dobby.debug.xcconfig */;
			buildSettings = {
				ASSETCATALOG_COMPILER_APPICON_NAME = AppIcon;
				ASSETCATALOG_COMPILER_GLOBAL_ACCENT_COLOR_NAME = AccentColor;
				CODE_SIGN_STYLE = Automatic;
				CURRENT_PROJECT_VERSION = 1;
				DEVELOPMENT_TEAM = YB8GA5MLV5;
				GENERATE_INFOPLIST_FILE = YES;
				INFOPLIST_FILE = Dobby/Info.plist;
				INFOPLIST_KEY_UIApplicationSupportsIndirectInputEvents = YES;
				INFOPLIST_KEY_UILaunchStoryboardName = LaunchScreen;
				INFOPLIST_KEY_UIMainStoryboardFile = Main;
				INFOPLIST_KEY_UISupportedInterfaceOrientations = UIInterfaceOrientationPortrait;
				INFOPLIST_KEY_UISupportedInterfaceOrientations_iPad = "UIInterfaceOrientationLandscapeLeft UIInterfaceOrientationLandscapeRight UIInterfaceOrientationPortrait UIInterfaceOrientationPortraitUpsideDown";
				IPHONEOS_DEPLOYMENT_TARGET = 14.1;
				LD_RUNPATH_SEARCH_PATHS = (
					"$(inherited)",
					"@executable_path/Frameworks",
				);
				MARKETING_VERSION = 1.0;
				PRODUCT_BUNDLE_IDENTIFIER = yongmin.Dobby;
				PRODUCT_NAME = "$(TARGET_NAME)";
				SUPPORTED_PLATFORMS = "iphoneos iphonesimulator";
				SUPPORTS_MACCATALYST = NO;
				SUPPORTS_MAC_DESIGNED_FOR_IPHONE_IPAD = NO;
				SWIFT_EMIT_LOC_STRINGS = YES;
				SWIFT_VERSION = 5.0;
				TARGETED_DEVICE_FAMILY = 1;
			};
			name = Debug;
		};
		A13C533928E7129F00C72215 /* Release */ = {
			isa = XCBuildConfiguration;
			baseConfigurationReference = E2065A457FB7E9D5ABB5819A /* Pods-Dobby.release.xcconfig */;
			buildSettings = {
				ASSETCATALOG_COMPILER_APPICON_NAME = AppIcon;
				ASSETCATALOG_COMPILER_GLOBAL_ACCENT_COLOR_NAME = AccentColor;
				CODE_SIGN_STYLE = Automatic;
				CURRENT_PROJECT_VERSION = 1;
				DEVELOPMENT_TEAM = YB8GA5MLV5;
				GENERATE_INFOPLIST_FILE = YES;
				INFOPLIST_FILE = Dobby/Info.plist;
				INFOPLIST_KEY_UIApplicationSupportsIndirectInputEvents = YES;
				INFOPLIST_KEY_UILaunchStoryboardName = LaunchScreen;
				INFOPLIST_KEY_UIMainStoryboardFile = Main;
				INFOPLIST_KEY_UISupportedInterfaceOrientations = UIInterfaceOrientationPortrait;
				INFOPLIST_KEY_UISupportedInterfaceOrientations_iPad = "UIInterfaceOrientationLandscapeLeft UIInterfaceOrientationLandscapeRight UIInterfaceOrientationPortrait UIInterfaceOrientationPortraitUpsideDown";
				IPHONEOS_DEPLOYMENT_TARGET = 14.1;
				LD_RUNPATH_SEARCH_PATHS = (
					"$(inherited)",
					"@executable_path/Frameworks",
				);
				MARKETING_VERSION = 1.0;
				PRODUCT_BUNDLE_IDENTIFIER = yongmin.Dobby;
				PRODUCT_NAME = "$(TARGET_NAME)";
				SUPPORTED_PLATFORMS = "iphoneos iphonesimulator";
				SUPPORTS_MACCATALYST = NO;
				SUPPORTS_MAC_DESIGNED_FOR_IPHONE_IPAD = NO;
				SWIFT_EMIT_LOC_STRINGS = YES;
				SWIFT_VERSION = 5.0;
				TARGETED_DEVICE_FAMILY = 1;
			};
			name = Release;
		};
		A13C533B28E7129F00C72215 /* Debug */ = {
			isa = XCBuildConfiguration;
			baseConfigurationReference = F4EB371D70C9EEC2BB2E2103 /* Pods-DobbyTests.debug.xcconfig */;
			buildSettings = {
				ALWAYS_EMBED_SWIFT_STANDARD_LIBRARIES = YES;
				BUNDLE_LOADER = "$(TEST_HOST)";
				CODE_SIGN_STYLE = Automatic;
				CURRENT_PROJECT_VERSION = 1;
				DEVELOPMENT_TEAM = YB8GA5MLV5;
				GENERATE_INFOPLIST_FILE = YES;
				IPHONEOS_DEPLOYMENT_TARGET = 16.0;
				MARKETING_VERSION = 1.0;
				PRODUCT_BUNDLE_IDENTIFIER = yongmin.DobbyTests;
				PRODUCT_NAME = "$(TARGET_NAME)";
				SWIFT_EMIT_LOC_STRINGS = NO;
				SWIFT_VERSION = 5.0;
				TARGETED_DEVICE_FAMILY = "1,2";
				TEST_HOST = "$(BUILT_PRODUCTS_DIR)/Dobby.app/$(BUNDLE_EXECUTABLE_FOLDER_PATH)/Dobby";
			};
			name = Debug;
		};
		A13C533C28E7129F00C72215 /* Release */ = {
			isa = XCBuildConfiguration;
			baseConfigurationReference = 66911DBB73814A1FFAEFD850 /* Pods-DobbyTests.release.xcconfig */;
			buildSettings = {
				ALWAYS_EMBED_SWIFT_STANDARD_LIBRARIES = YES;
				BUNDLE_LOADER = "$(TEST_HOST)";
				CODE_SIGN_STYLE = Automatic;
				CURRENT_PROJECT_VERSION = 1;
				DEVELOPMENT_TEAM = YB8GA5MLV5;
				GENERATE_INFOPLIST_FILE = YES;
				IPHONEOS_DEPLOYMENT_TARGET = 16.0;
				MARKETING_VERSION = 1.0;
				PRODUCT_BUNDLE_IDENTIFIER = yongmin.DobbyTests;
				PRODUCT_NAME = "$(TARGET_NAME)";
				SWIFT_EMIT_LOC_STRINGS = NO;
				SWIFT_VERSION = 5.0;
				TARGETED_DEVICE_FAMILY = "1,2";
				TEST_HOST = "$(BUILT_PRODUCTS_DIR)/Dobby.app/$(BUNDLE_EXECUTABLE_FOLDER_PATH)/Dobby";
			};
			name = Release;
		};
		A13C533E28E7129F00C72215 /* Debug */ = {
			isa = XCBuildConfiguration;
			baseConfigurationReference = A27AD429C92AD79AA1937D21 /* Pods-Dobby-DobbyUITests.debug.xcconfig */;
			buildSettings = {
				ALWAYS_EMBED_SWIFT_STANDARD_LIBRARIES = YES;
				CODE_SIGN_STYLE = Automatic;
				CURRENT_PROJECT_VERSION = 1;
				DEVELOPMENT_TEAM = YB8GA5MLV5;
				GENERATE_INFOPLIST_FILE = YES;
				MARKETING_VERSION = 1.0;
				PRODUCT_BUNDLE_IDENTIFIER = yongmin.DobbyUITests;
				PRODUCT_NAME = "$(TARGET_NAME)";
				SWIFT_EMIT_LOC_STRINGS = NO;
				SWIFT_VERSION = 5.0;
				TARGETED_DEVICE_FAMILY = "1,2";
				TEST_TARGET_NAME = Dobby;
			};
			name = Debug;
		};
		A13C533F28E7129F00C72215 /* Release */ = {
			isa = XCBuildConfiguration;
			baseConfigurationReference = F0A6DAFD15431D43DBCA10BF /* Pods-Dobby-DobbyUITests.release.xcconfig */;
			buildSettings = {
				ALWAYS_EMBED_SWIFT_STANDARD_LIBRARIES = YES;
				CODE_SIGN_STYLE = Automatic;
				CURRENT_PROJECT_VERSION = 1;
				DEVELOPMENT_TEAM = YB8GA5MLV5;
				GENERATE_INFOPLIST_FILE = YES;
				MARKETING_VERSION = 1.0;
				PRODUCT_BUNDLE_IDENTIFIER = yongmin.DobbyUITests;
				PRODUCT_NAME = "$(TARGET_NAME)";
				SWIFT_EMIT_LOC_STRINGS = NO;
				SWIFT_VERSION = 5.0;
				TARGETED_DEVICE_FAMILY = "1,2";
				TEST_TARGET_NAME = Dobby;
			};
			name = Release;
		};
/* End XCBuildConfiguration section */

/* Begin XCConfigurationList section */
		A13C530828E7129D00C72215 /* Build configuration list for PBXProject "Dobby" */ = {
			isa = XCConfigurationList;
			buildConfigurations = (
				A13C533528E7129F00C72215 /* Debug */,
				A13C533628E7129F00C72215 /* Release */,
			);
			defaultConfigurationIsVisible = 0;
			defaultConfigurationName = Release;
		};
		A13C533728E7129F00C72215 /* Build configuration list for PBXNativeTarget "Dobby" */ = {
			isa = XCConfigurationList;
			buildConfigurations = (
				A13C533828E7129F00C72215 /* Debug */,
				A13C533928E7129F00C72215 /* Release */,
			);
			defaultConfigurationIsVisible = 0;
			defaultConfigurationName = Release;
		};
		A13C533A28E7129F00C72215 /* Build configuration list for PBXNativeTarget "DobbyTests" */ = {
			isa = XCConfigurationList;
			buildConfigurations = (
				A13C533B28E7129F00C72215 /* Debug */,
				A13C533C28E7129F00C72215 /* Release */,
			);
			defaultConfigurationIsVisible = 0;
			defaultConfigurationName = Release;
		};
		A13C533D28E7129F00C72215 /* Build configuration list for PBXNativeTarget "DobbyUITests" */ = {
			isa = XCConfigurationList;
			buildConfigurations = (
				A13C533E28E7129F00C72215 /* Debug */,
				A13C533F28E7129F00C72215 /* Release */,
			);
			defaultConfigurationIsVisible = 0;
			defaultConfigurationName = Release;
		};
/* End XCConfigurationList section */
	};
	rootObject = A13C530528E7129D00C72215 /* Project object */;
}
